
Microsoft Visual Studio Solution File, Format Version 12.00
# Visual Studio Version 17
VisualStudioVersion = 17.9.34728.123
MinimumVisualStudioVersion = 10.0.40219.1
Project("{9A19103F-16F7-4668-BE54-9A1E7A4F7556}") = "CsWinRTApp", "CsWinRTApp\CsWinRTApp.csproj", "{68521374-1F59-4AC5-BE1B-412B4CB20782}"
	ProjectSection(ProjectDependencies) = postProject
		{5209067C-124B-45A8-B43E-8EFF60C01215} = {5209067C-124B-45A8-B43E-8EFF60C01215}
		{EF8EB563-7630-425C-9CEC-FBB2204841B5} = {EF8EB563-7630-425C-9CEC-FBB2204841B5}
	EndProjectSection
EndProject
Project("{9A19103F-16F7-4668-BE54-9A1E7A4F7556}") = "CsWinRTComponent", "CsWinRTComponent\CsWinRTComponent.csproj", "{5209067C-124B-45A8-B43E-8EFF60C01215}"
EndProject
Project("{9A19103F-16F7-4668-BE54-9A1E7A4F7556}") = "CppWinRTProjection", "CppWinRTProjection\CppWinRTProjection.csproj", "{EF8EB563-7630-425C-9CEC-FBB2204841B5}"
EndProject
Project("{2150E333-8FDC-42A3-9474-1A3956D46DE8}") = "ソリューション項目", "ソリューション項目", "{BD61AD3D-FA4E-41E5-8BA0-92C581D60AC2}"
	ProjectSection(SolutionItems) = preProject
		Directory.Build.props = Directory.Build.props
	EndProjectSection
EndProject
Project("{8BC9CEB8-8B4A-11D0-8D11-00A0C91BC942}") = "CppWinRTComponent", "CppWinRTComponent\CppWinRTComponent.vcxproj", "{C7553FB9-0DF2-4EDB-9316-5B1852A444BF}"
EndProject
Global
	GlobalSection(SolutionConfigurationPlatforms) = preSolution
		Debug|Any CPU = Debug|Any CPU
		Debug|ARM64 = Debug|ARM64
		Debug|x64 = Debug|x64
		Debug|x86 = Debug|x86
		Release|Any CPU = Release|Any CPU
		Release|ARM64 = Release|ARM64
		Release|x64 = Release|x64
		Release|x86 = Release|x86
	EndGlobalSection
	GlobalSection(ProjectConfigurationPlatforms) = postSolution
		{68521374-1F59-4AC5-BE1B-412B4CB20782}.Debug|Any CPU.ActiveCfg = Debug|x64
		{68521374-1F59-4AC5-BE1B-412B4CB20782}.Debug|Any CPU.Build.0 = Debug|x64
		{68521374-1F59-4AC5-BE1B-412B4CB20782}.Debug|Any CPU.Deploy.0 = Debug|x64
		{68521374-1F59-4AC5-BE1B-412B4CB20782}.Debug|ARM64.ActiveCfg = Debug|ARM64
		{68521374-1F59-4AC5-BE1B-412B4CB20782}.Debug|ARM64.Build.0 = Debug|ARM64
		{68521374-1F59-4AC5-BE1B-412B4CB20782}.Debug|ARM64.Deploy.0 = Debug|ARM64
		{68521374-1F59-4AC5-BE1B-412B4CB20782}.Debug|x64.ActiveCfg = Debug|x64
		{68521374-1F59-4AC5-BE1B-412B4CB20782}.Debug|x64.Build.0 = Debug|x64
		{68521374-1F59-4AC5-BE1B-412B4CB20782}.Debug|x64.Deploy.0 = Debug|x64
		{68521374-1F59-4AC5-BE1B-412B4CB20782}.Debug|x86.ActiveCfg = Debug|x86
		{68521374-1F59-4AC5-BE1B-412B4CB20782}.Debug|x86.Build.0 = Debug|x86
		{68521374-1F59-4AC5-BE1B-412B4CB20782}.Debug|x86.Deploy.0 = Debug|x86
		{68521374-1F59-4AC5-BE1B-412B4CB20782}.Release|Any CPU.ActiveCfg = Release|x64
		{68521374-1F59-4AC5-BE1B-412B4CB20782}.Release|Any CPU.Build.0 = Release|x64
		{68521374-1F59-4AC5-BE1B-412B4CB20782}.Release|Any CPU.Deploy.0 = Release|x64
		{68521374-1F59-4AC5-BE1B-412B4CB20782}.Release|ARM64.ActiveCfg = Release|ARM64
		{68521374-1F59-4AC5-BE1B-412B4CB20782}.Release|ARM64.Build.0 = Release|ARM64
		{68521374-1F59-4AC5-BE1B-412B4CB20782}.Release|ARM64.Deploy.0 = Release|ARM64
		{68521374-1F59-4AC5-BE1B-412B4CB20782}.Release|x64.ActiveCfg = Release|x64
		{68521374-1F59-4AC5-BE1B-412B4CB20782}.Release|x64.Build.0 = Release|x64
		{68521374-1F59-4AC5-BE1B-412B4CB20782}.Release|x64.Deploy.0 = Release|x64
		{68521374-1F59-4AC5-BE1B-412B4CB20782}.Release|x86.ActiveCfg = Release|x86
		{68521374-1F59-4AC5-BE1B-412B4CB20782}.Release|x86.Build.0 = Release|x86
		{68521374-1F59-4AC5-BE1B-412B4CB20782}.Release|x86.Deploy.0 = Release|x86
		{5209067C-124B-45A8-B43E-8EFF60C01215}.Debug|Any CPU.ActiveCfg = Debug|Any CPU
		{5209067C-124B-45A8-B43E-8EFF60C01215}.Debug|Any CPU.Build.0 = Debug|Any CPU
		{5209067C-124B-45A8-B43E-8EFF60C01215}.Debug|ARM64.ActiveCfg = Debug|Any CPU
		{5209067C-124B-45A8-B43E-8EFF60C01215}.Debug|ARM64.Build.0 = Debug|Any CPU
		{5209067C-124B-45A8-B43E-8EFF60C01215}.Debug|x64.ActiveCfg = Debug|Any CPU
		{5209067C-124B-45A8-B43E-8EFF60C01215}.Debug|x64.Build.0 = Debug|Any CPU
		{5209067C-124B-45A8-B43E-8EFF60C01215}.Debug|x86.ActiveCfg = Debug|Any CPU
		{5209067C-124B-45A8-B43E-8EFF60C01215}.Debug|x86.Build.0 = Debug|Any CPU
		{5209067C-124B-45A8-B43E-8EFF60C01215}.Release|Any CPU.ActiveCfg = Release|Any CPU
		{5209067C-124B-45A8-B43E-8EFF60C01215}.Release|Any CPU.Build.0 = Release|Any CPU
		{5209067C-124B-45A8-B43E-8EFF60C01215}.Release|ARM64.ActiveCfg = Release|Any CPU
		{5209067C-124B-45A8-B43E-8EFF60C01215}.Release|ARM64.Build.0 = Release|Any CPU
		{5209067C-124B-45A8-B43E-8EFF60C01215}.Release|x64.ActiveCfg = Release|Any CPU
		{5209067C-124B-45A8-B43E-8EFF60C01215}.Release|x64.Build.0 = Release|Any CPU
		{5209067C-124B-45A8-B43E-8EFF60C01215}.Release|x86.ActiveCfg = Release|Any CPU
		{5209067C-124B-45A8-B43E-8EFF60C01215}.Release|x86.Build.0 = Release|Any CPU
		{EF8EB563-7630-425C-9CEC-FBB2204841B5}.Debug|Any CPU.ActiveCfg = Debug|Any CPU
		{EF8EB563-7630-425C-9CEC-FBB2204841B5}.Debug|Any CPU.Build.0 = Debug|Any CPU
		{EF8EB563-7630-425C-9CEC-FBB2204841B5}.Debug|ARM64.ActiveCfg = Debug|Any CPU
		{EF8EB563-7630-425C-9CEC-FBB2204841B5}.Debug|ARM64.Build.0 = Debug|Any CPU
		{EF8EB563-7630-425C-9CEC-FBB2204841B5}.Debug|x64.ActiveCfg = Debug|Any CPU
		{EF8EB563-7630-425C-9CEC-FBB2204841B5}.Debug|x64.Build.0 = Debug|Any CPU
		{EF8EB563-7630-425C-9CEC-FBB2204841B5}.Debug|x86.ActiveCfg = Debug|Any CPU
		{EF8EB563-7630-425C-9CEC-FBB2204841B5}.Debug|x86.Build.0 = Debug|Any CPU
		{EF8EB563-7630-425C-9CEC-FBB2204841B5}.Release|Any CPU.ActiveCfg = Release|Any CPU
		{EF8EB563-7630-425C-9CEC-FBB2204841B5}.Release|Any CPU.Build.0 = Release|Any CPU
		{EF8EB563-7630-425C-9CEC-FBB2204841B5}.Release|ARM64.ActiveCfg = Release|Any CPU
		{EF8EB563-7630-425C-9CEC-FBB2204841B5}.Release|ARM64.Build.0 = Release|Any CPU
		{EF8EB563-7630-425C-9CEC-FBB2204841B5}.Release|x64.ActiveCfg = Release|Any CPU
		{EF8EB563-7630-425C-9CEC-FBB2204841B5}.Release|x64.Build.0 = Release|Any CPU
		{EF8EB563-7630-425C-9CEC-FBB2204841B5}.Release|x86.ActiveCfg = Release|Any CPU
		{EF8EB563-7630-425C-9CEC-FBB2204841B5}.Release|x86.Build.0 = Release|Any CPU
		{C7553FB9-0DF2-4EDB-9316-5B1852A444BF}.Debug|Any CPU.ActiveCfg = Debug|x64
		{C7553FB9-0DF2-4EDB-9316-5B1852A444BF}.Debug|Any CPU.Build.0 = Debug|x64
		{C7553FB9-0DF2-4EDB-9316-5B1852A444BF}.Debug|ARM64.ActiveCfg = Debug|ARM64
		{C7553FB9-0DF2-4EDB-9316-5B1852A444BF}.Debug|ARM64.Build.0 = Debug|ARM64
		{C7553FB9-0DF2-4EDB-9316-5B1852A444BF}.Debug|x64.ActiveCfg = Debug|x64
		{C7553FB9-0DF2-4EDB-9316-5B1852A444BF}.Debug|x64.Build.0 = Debug|x64
		{C7553FB9-0DF2-4EDB-9316-5B1852A444BF}.Debug|x86.ActiveCfg = Debug|Win32
		{C7553FB9-0DF2-4EDB-9316-5B1852A444BF}.Debug|x86.Build.0 = Debug|Win32
		{C7553FB9-0DF2-4EDB-9316-5B1852A444BF}.Release|Any CPU.ActiveCfg = Release|x64
		{C7553FB9-0DF2-4EDB-9316-5B1852A444BF}.Release|Any CPU.Build.0 = Release|x64
		{C7553FB9-0DF2-4EDB-9316-5B1852A444BF}.Release|ARM64.ActiveCfg = Release|ARM64
		{C7553FB9-0DF2-4EDB-9316-5B1852A444BF}.Release|ARM64.Build.0 = Release|ARM64
		{C7553FB9-0DF2-4EDB-9316-5B1852A444BF}.Release|x64.ActiveCfg = Release|x64
		{C7553FB9-0DF2-4EDB-9316-5B1852A444BF}.Release|x64.Build.0 = Release|x64
		{C7553FB9-0DF2-4EDB-9316-5B1852A444BF}.Release|x86.ActiveCfg = Release|Win32
		{C7553FB9-0DF2-4EDB-9316-5B1852A444BF}.Release|x86.Build.0 = Release|Win32
	EndGlobalSection
	GlobalSection(SolutionProperties) = preSolution
		HideSolutionNode = FALSE
	EndGlobalSection
	GlobalSection(ExtensibilityGlobals) = postSolution
		SolutionGuid = {0FA6F393-CC74-42D4-A5B3-E3D6CAFBCF36}
	EndGlobalSection
EndGlobal
